
Microsoft Visual Studio Solution File, Format Version 12.00
# Visual Studio Version 17
VisualStudioVersion = 17.9.34622.214
MinimumVisualStudioVersion = 10.0.40219.1
Project("{FAE04EC0-301F-11D3-BF4B-00C04F79EFBC}") = "xadrez_console", "xadrez_console\xadrez_console.csproj", "{F66C7833-8733-4D5E-903D-15482663EECF}"
EndProject
Global
	GlobalSection(SolutionConfigurationPlatforms) = preSolution
		Debug|Any CPU = Debug|Any CPU
		Release|Any CPU = Release|Any CPU
	EndGlobalSection
	GlobalSection(ProjectConfigurationPlatforms) = postSolution
		{F66C7833-8733-4D5E-903D-15482663EECF}.Debug|Any CPU.ActiveCfg = Debug|Any CPU
		{F66C7833-8733-4D5E-903D-15482663EECF}.Debug|Any CPU.Build.0 = Debug|Any CPU
		{F66C7833-8733-4D5E-903D-15482663EECF}.Release|Any CPU.ActiveCfg = Release|Any CPU
		{F66C7833-8733-4D5E-903D-15482663EECF}.Release|Any CPU.Build.0 = Release|Any CPU
	EndGlobalSection
	GlobalSection(SolutionProperties) = preSolution
		HideSolutionNode = FALSE
	EndGlobalSection
	GlobalSection(ExtensibilityGlobals) = postSolution
		SolutionGuid = {6D55192C-867B-463F-A2F3-9BE7200D1AF2}
	EndGlobalSection
EndGlobal
